# This file is automatically @generated by Cargo.
# It is not intended for manual editing.
version = 3

[[package]]
name = "http-thing"
version = "0.1.0"
dependencies = [
 "httparse",
 "log",
]

[[package]]
name = "httparse"
version = "1.9.5"
source = "registry+https://github.com/rust-lang/crates.io-index"
checksum = "7d71d3574edd2771538b901e6549113b4006ece66150fb69c0fb6d9a2adae946"

[[package]]
name = "log"
version = "0.4.24"
source = "registry+https://github.com/rust-lang/crates.io-index"
checksum = "3d6ea2a48c204030ee31a7d7fc72c93294c92fe87ecb1789881c9543516e1a0d"
